
Microsoft Visual Studio Solution File, Format Version 12.00
# Visual Studio 2012
Project("{FAE04EC0-301F-11D3-BF4B-00C04F79EFBC}") = "Types2", "Types2\Types2.csproj", "{F3848F27-946A-44E4-9CD3-B6F226613D42}"
EndProject
Global
	GlobalSection(SolutionConfigurationPlatforms) = preSolution
		Debug|Any CPU = Debug|Any CPU
		Release|Any CPU = Release|Any CPU
	EndGlobalSection
	GlobalSection(ProjectConfigurationPlatforms) = postSolution
		{F3848F27-946A-44E4-9CD3-B6F226613D42}.Debug|Any CPU.ActiveCfg = Debug|Any CPU
		{F3848F27-946A-44E4-9CD3-B6F226613D42}.Debug|Any CPU.Build.0 = Debug|Any CPU
		{F3848F27-946A-44E4-9CD3-B6F226613D42}.Release|Any CPU.ActiveCfg = Release|Any CPU
		{F3848F27-946A-44E4-9CD3-B6F226613D42}.Release|Any CPU.Build.0 = Release|Any CPU
	EndGlobalSection
	GlobalSection(SolutionProperties) = preSolution
		HideSolutionNode = FALSE
	EndGlobalSection
EndGlobal
